
Microsoft Visual Studio Solution File, Format Version 12.00
# Visual Studio Version 17
VisualStudioVersion = 17.4.33205.214
MinimumVisualStudioVersion = 10.0.40219.1
Project("{8BC9CEB8-8B4A-11D0-8D11-00A0C91BC942}") = "04_04_hw", "04_04_hw\04_04_hw.vcxproj", "{AF12BED2-55AC-4AB5-AFD7-BAC227E2C900}"
EndProject
Global
	GlobalSection(SolutionConfigurationPlatforms) = preSolution
		Debug|x64 = Debug|x64
		Debug|x86 = Debug|x86
		Release|x64 = Release|x64
		Release|x86 = Release|x86
	EndGlobalSection
	GlobalSection(ProjectConfigurationPlatforms) = postSolution
		{AF12BED2-55AC-4AB5-AFD7-BAC227E2C900}.Debug|x64.ActiveCfg = Debug|x64
		{AF12BED2-55AC-4AB5-AFD7-BAC227E2C900}.Debug|x64.Build.0 = Debug|x64
		{AF12BED2-55AC-4AB5-AFD7-BAC227E2C900}.Debug|x86.ActiveCfg = Debug|Win32
		{AF12BED2-55AC-4AB5-AFD7-BAC227E2C900}.Debug|x86.Build.0 = Debug|Win32
		{AF12BED2-55AC-4AB5-AFD7-BAC227E2C900}.Release|x64.ActiveCfg = Release|x64
		{AF12BED2-55AC-4AB5-AFD7-BAC227E2C900}.Release|x64.Build.0 = Release|x64
		{AF12BED2-55AC-4AB5-AFD7-BAC227E2C900}.Release|x86.ActiveCfg = Release|Win32
		{AF12BED2-55AC-4AB5-AFD7-BAC227E2C900}.Release|x86.Build.0 = Release|Win32
	EndGlobalSection
	GlobalSection(SolutionProperties) = preSolution
		HideSolutionNode = FALSE
	EndGlobalSection
	GlobalSection(ExtensibilityGlobals) = postSolution
		SolutionGuid = {3611FFFF-EB10-4BE6-8D09-6DE9B5936C95}
	EndGlobalSection
EndGlobal
